{
  "name": "e-shop-app-jean-de-dieu-c218",
  "version": "1.0.0",
  "description": "",
  "main": "index.js",
  "scripts": {
    "test": "echo \"Error: no test specified\" && exit 1"
  },
  "repository": {
    "type": "git",
    "url": "https://jean-dedieu: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@github.com/jean-dedieu/e-shop-app-jean-de-dieu-c218.git"
  },
  "private": true
}
